# This file is automatically @generated by Cargo.
# It is not intended for manual editing.
version = 4

[[package]]
name = "aarch64-cpu"
version = "10.0.0"
source = "registry+https://github.com/rust-lang/crates.io-index"
checksum = "6a21cd0131c25c438e19cd6a774adf7e3f64f7f4d723022882facc2dee0f8bc9"
dependencies = [
 "tock-registers 0.9.0",
]

[[package]]
name = "abi-singleton"
version = "0.3.0"
source = "registry+https://github.com/rust-lang/crates.io-index"
checksum = "dbdf894742ece5360a74aa8278c42e0f305aa9f7c35d43ebc9cceca105f7e434"
dependencies = [
 "proc-macro2",
 "quote",
 "syn",
]

[[package]]
name = "ansi_rgb"
version = "0.2.0"
source = "registry+https://github.com/rust-lang/crates.io-index"
checksum = "a730095eb14ee842a0f1e68504b85c8d4a19b1ef2ac2a9b4debf0ed982f9b08a"
dependencies = [
 "rgb",
]

[[package]]
name = "any-uart"
version = "0.1.1"
source = "registry+https://github.com/rust-lang/crates.io-index"
checksum = "1f8d2c852c79dd31f0dbebae83c731b027fdf164c368d82606954e57c17444cd"
dependencies = [
 "embedded-hal-nb",
 "fdt-parser",
]

[[package]]
name = "anyhow"
version = "1.0.98"
source = "registry+https://github.com/rust-lang/crates.io-index"
checksum = "e16d2d3311acee920a9eb8d33b8cbc1787ce4a264e85f964c2404b969bdcd487"

[[package]]
name = "arm-gic-driver"
version = "0.7.1"
source = "registry+https://github.com/rust-lang/crates.io-index"
checksum = "e233ce5f0f51ff96685a9a094918f827fef4d78abb6c2861e23424c77956ba93"
dependencies = [
 "aarch64-cpu",
 "bitflags",
 "enum_dispatch",
 "log",
 "rdif-intc",
 "tock-registers 0.9.0",
]

[[package]]
name = "arm_pl011"
version = "0.1.0"
source = "registry+https://github.com/rust-lang/crates.io-index"
checksum = "efcf6afca4502993a737ba1e00952d1321078689da92bf7aab27d4e5756c0bec"
dependencies = [
 "tock-registers 0.8.1",
]

[[package]]
name = "arrayvec"
version = "0.7.6"
source = "registry+https://github.com/rust-lang/crates.io-index"
checksum = "7c02d123df017efcdfbd739ef81735b36c5ba83ec3c59c80a9d7ecc718f92e50"

[[package]]
name = "autocfg"
version = "1.4.0"
source = "registry+https://github.com/rust-lang/crates.io-index"
checksum = "ace50bade8e6234aa140d9a2f552bbee1db4d353f69b8217bc503490fc1a9f26"

[[package]]
name = "bare-test"
version = "0.4.1"
source = "registry+https://github.com/rust-lang/crates.io-index"
checksum = "f7dfcf95987c500af4665d8a18adbc5e7d3177a2537964f48002b88e28fb055e"
dependencies = [
 "bare-test-macros",
 "log",
 "sparreal-kernel",
 "sparreal-macros 0.9.0",
 "sparreal-rt",
]

[[package]]
name = "bare-test-macros"
version = "0.2.0"
source = "registry+https://github.com/rust-lang/crates.io-index"
checksum = "e585a01076fee271c5aabcf36212acb349fb3e638561d842fffa8ca013f4fdd8"
dependencies = [
 "proc-macro2",
 "quote",
 "syn",
]

[[package]]
name = "bit_field"
version = "0.10.2"
source = "registry+https://github.com/rust-lang/crates.io-index"
checksum = "dc827186963e592360843fb5ba4b973e145841266c1357f7180c43526f2e5b61"

[[package]]
name = "bitflags"
version = "2.9.0"
source = "registry+https://github.com/rust-lang/crates.io-index"
checksum = "5c8214115b7bf84099f1309324e63141d4c5d7cc26862f97a0a857dbefe165bd"

[[package]]
name = "buddy_system_allocator"
version = "0.11.0"
source = "registry+https://github.com/rust-lang/crates.io-index"
checksum = "a1a0108968a3a2dab95b089c0fc3f1afa7759aa5ebe6f1d86d206d6f7ba726eb"
dependencies = [
 "spin 0.9.8",
]

[[package]]
name = "byte-unit"
version = "5.1.6"
source = "registry+https://github.com/rust-lang/crates.io-index"
checksum = "e1cd29c3c585209b0cbc7309bfe3ed7efd8c84c21b7af29c8bfae908f8777174"
dependencies = [
 "rust_decimal",
 "utf8-width",
]

[[package]]
name = "bytemuck"
version = "1.23.0"
source = "registry+https://github.com/rust-lang/crates.io-index"
checksum = "9134a6ef01ce4b366b50689c94f82c14bc72bc5d0386829828a2e2752ef7958c"

[[package]]
name = "cfg-if"
version = "1.0.0"
source = "registry+https://github.com/rust-lang/crates.io-index"
checksum = "baf1de4339761588bc0619e3cbc0120ee582ebb74b53b4efbf79117bd2da40fd"

[[package]]
name = "crate_interface"
version = "0.1.4"
source = "registry+https://github.com/rust-lang/crates.io-index"
checksum = "70272a03a2cef15589bac05d3d15c023752f5f8f2da8be977d983a9d9e6250fb"
dependencies = [
 "proc-macro2",
 "quote",
 "syn",
]

[[package]]
name = "darling"
version = "0.20.11"
source = "registry+https://github.com/rust-lang/crates.io-index"
checksum = "fc7f46116c46ff9ab3eb1597a45688b6715c6e628b5c133e288e709a29bcb4ee"
dependencies = [
 "darling_core",
 "darling_macro",
]

[[package]]
name = "darling_core"
version = "0.20.11"
source = "registry+https://github.com/rust-lang/crates.io-index"
checksum = "0d00b9596d185e565c2207a0b01f8bd1a135483d02d9b7b0a54b11da8d53412e"
dependencies = [
 "fnv",
 "ident_case",
 "proc-macro2",
 "quote",
 "strsim",
 "syn",
]

[[package]]
name = "darling_macro"
version = "0.20.11"
source = "registry+https://github.com/rust-lang/crates.io-index"
checksum = "fc34b93ccb385b40dc71c6fceac4b2ad23662c7eeb248cf10d529b7e055b6ead"
dependencies = [
 "darling_core",
 "quote",
 "syn",
]

[[package]]
name = "dma-api"
version = "0.3.0"
source = "registry+https://github.com/rust-lang/crates.io-index"
checksum = "bc2af71bef611a9b47e76fb7844ab348b172aa3649ebdfdcb854a5d30cd47be5"

[[package]]
name = "embedded-hal"
version = "1.0.0"
source = "registry+https://github.com/rust-lang/crates.io-index"
checksum = "361a90feb7004eca4019fb28352a9465666b24f840f5c3cddf0ff13920590b89"

[[package]]
name = "embedded-hal-nb"
version = "1.0.0"
source = "registry+https://github.com/rust-lang/crates.io-index"
checksum = "fba4268c14288c828995299e59b12babdbe170f6c6d73731af1b4648142e8605"
dependencies = [
 "embedded-hal",
 "nb",
]

[[package]]
name = "enum_dispatch"
version = "0.3.13"
source = "registry+https://github.com/rust-lang/crates.io-index"
checksum = "aa18ce2bc66555b3218614519ac839ddb759a7d6720732f979ef8d13be147ecd"
dependencies = [
 "once_cell",
 "proc-macro2",
 "quote",
 "syn",
]

[[package]]
name = "fdt-parser"
version = "0.4.13"
source = "registry+https://github.com/rust-lang/crates.io-index"
checksum = "214e8d784c55ebd592f5211aebc6191ec08cf74f9403ddb44655ab57c42e1756"

[[package]]
name = "fnv"
version = "1.0.7"
source = "registry+https://github.com/rust-lang/crates.io-index"
checksum = "3f9eec918d3f24069decb9af1554cad7c880e2da24a9afd88aca000531ab82c1"

[[package]]
name = "ident_case"
version = "1.0.1"
source = "registry+https://github.com/rust-lang/crates.io-index"
checksum = "b9e0384b61958566e926dc50660321d12159025e767c18e043daf26b70104c39"

[[package]]
name = "kernel_guard"
version = "0.1.2"
source = "registry+https://github.com/rust-lang/crates.io-index"
checksum = "307e6be468f3d6b6d895e191f63c11602e4e76575ecca68325d8c8dbebe2870e"
dependencies = [
 "cfg-if",
 "crate_interface",
]

[[package]]
name = "kspin"
version = "0.1.0"
source = "registry+https://github.com/rust-lang/crates.io-index"
checksum = "51954c939251c5899b6e953aa0ed8903c5c0d1140fc7ce3a8fd60c931d694f6e"
dependencies = [
 "cfg-if",
 "kernel_guard",
]

[[package]]
name = "lazy_static"
version = "1.5.0"
source = "registry+https://github.com/rust-lang/crates.io-index"
checksum = "bbd2bcb4c963f2ddae06a2efc7e9f3591312473c50c6685e1f298068316e66fe"
dependencies = [
 "spin 0.9.8",
]

[[package]]
name = "lock_api"
version = "0.4.12"
source = "registry+https://github.com/rust-lang/crates.io-index"
checksum = "07af8b9cdd281b7915f413fa73f29ebd5d55d0d3f0155584dade1ff18cea1b17"
dependencies = [
 "autocfg",
 "scopeguard",
]

[[package]]
name = "log"
version = "0.4.27"
source = "registry+https://github.com/rust-lang/crates.io-index"
checksum = "13dc2df351e3202783a1fe0d44375f7295ffb4049267b0f3018346dc122a1d94"

[[package]]
name = "memory_addr"
version = "0.3.2"
source = "registry+https://github.com/rust-lang/crates.io-index"
checksum = "5438b8df0f13e16e1f46140de247695a95952a5a4479e47197a8711bf1063373"

[[package]]
name = "nb"
version = "1.1.0"
source = "registry+https://github.com/rust-lang/crates.io-index"
checksum = "8d5439c4ad607c3c23abf66de8c8bf57ba8adcd1f129e699851a6e43935d339d"

[[package]]
name = "num-traits"
version = "0.2.19"
source = "registry+https://github.com/rust-lang/crates.io-index"
checksum = "071dfc062690e90b734c0b2273ce72ad0ffa95f0c74596bc250dcfd960262841"
dependencies = [
 "autocfg",
]

[[package]]
name = "numeric-enum-macro"
version = "0.2.0"
source = "registry+https://github.com/rust-lang/crates.io-index"
checksum = "300e4bdb6b46b592948e700ea1ef24a4296491f6a0ee722b258040abd15a3714"

[[package]]
name = "once_cell"
version = "1.21.3"
source = "registry+https://github.com/rust-lang/crates.io-index"
checksum = "42f5e15c9953c5e4ccceeb2e7382a716482c34515315f7b03532b8b4e8393d2d"

[[package]]
name = "page-table-arm"
version = "0.1.1"
source = "registry+https://github.com/rust-lang/crates.io-index"
checksum = "2ce2c42338660c47a35e7b2940dcccbe6612a4a0aa0485ecdf4e23aa8a2a1158"
dependencies = [
 "aarch64-cpu",
 "bitflags",
 "log",
]

[[package]]
name = "page-table-generic"
version = "0.5.3"
source = "registry+https://github.com/rust-lang/crates.io-index"
checksum = "827063f64bbad7b7655092b0f98824ffbe85e89646388eb4dad1e3d797056a2f"
dependencies = [
 "bitflags",
 "log",
 "thiserror",
]

[[package]]
name = "paste"
version = "1.0.15"
source = "registry+https://github.com/rust-lang/crates.io-index"
checksum = "57c0d7b74b563b49d38dae00a0c37d4d6de9b432382b2892f0574ddcae73fd0a"

[[package]]
name = "pasts"
version = "0.14.3"
source = "registry+https://github.com/rust-lang/crates.io-index"
checksum = "efcd36303871fb977a47dabc9af736c75c492bb32a92fa26262b2741531e97ce"

[[package]]
name = "pci_types"
version = "0.10.0"
source = "registry+https://github.com/rust-lang/crates.io-index"
checksum = "c4325c6aa3cca3373503b1527e75756f9fbfe5fd76be4b4c8a143ee47430b8e0"
dependencies = [
 "bit_field",
 "bitflags",
]

[[package]]
name = "pcie"
version = "0.2.7"
source = "registry+https://github.com/rust-lang/crates.io-index"
checksum = "63e45cda4b8ef9f2a8dae7cf5b58c11b41d35fbe62a4d9693fd2d143225fbf44"
dependencies = [
 "bit_field",
 "bitflags",
 "log",
 "pci_types",
 "sparreal-macros 0.0.5",
]

[[package]]
name = "proc-macro2"
version = "1.0.95"
source = "registry+https://github.com/rust-lang/crates.io-index"
checksum = "02b3e5e68a3a1a02aad3ec490a98007cbc13c37cbe84a3cd7b8e406d76e7f778"
dependencies = [
 "unicode-ident",
]

[[package]]
name = "quote"
version = "1.0.40"
source = "registry+https://github.com/rust-lang/crates.io-index"
checksum = "1885c039570dc00dcb4ff087a89e185fd56bae234ddc7f056a945bf36467248d"
dependencies = [
 "proc-macro2",
]

[[package]]
name = "rdif-base"
version = "0.1.4"
source = "registry+https://github.com/rust-lang/crates.io-index"
checksum = "f1525e2b3fb72098cb2b882ded25829fb68f153f6408fa4a27fbba5098f890ac"

[[package]]
name = "rdif-intc"
version = "0.2.0"
source = "registry+https://github.com/rust-lang/crates.io-index"
checksum = "b99ea6f537664cb853acf4f265a3167edab285e866fc596fca52796d2ce8b114"
dependencies = [
 "rdif-base",
]

[[package]]
name = "rdif-power"
version = "0.1.0"
source = "registry+https://github.com/rust-lang/crates.io-index"
checksum = "721dd69b714b814f8df2cc7005ca29fabcffa82a2188a318db06bb8e1bcab25c"
dependencies = [
 "rdif-base",
]

[[package]]
name = "rdif-timer"
version = "0.1.3"
source = "registry+https://github.com/rust-lang/crates.io-index"
checksum = "f89c25a89f38ad5a79dc06b1c8df15a22420800da18b964302b57b8ae461089e"
dependencies = [
 "rdif-base",
]

[[package]]
name = "rdrive"
version = "0.3.3"
source = "registry+https://github.com/rust-lang/crates.io-index"
checksum = "36f6c638be6cb2f75c62217300cb9631fd65ee14f8016ed3a3b4ef77d66bd74a"
dependencies = [
 "fdt-parser",
 "log",
 "rdif-base",
 "rdif-intc",
 "rdif-power",
 "rdif-timer",
 "spin 0.9.8",
 "thiserror",
]

[[package]]
name = "rdrive-macro-utils"
version = "0.2.1"
source = "registry+https://github.com/rust-lang/crates.io-index"
checksum = "977fcecf5b5fe8d7189d497d8754d27a4ffaedeac904cce1b7ea7bdfb5280934"
dependencies = [
 "proc-macro2",
 "quote",
 "syn",
]

[[package]]
name = "rgb"
version = "0.8.50"
source = "registry+https://github.com/rust-lang/crates.io-index"
checksum = "57397d16646700483b67d2dd6511d79318f9d057fdbd21a4066aeac8b41d310a"
dependencies = [
 "bytemuck",
]

[[package]]
name = "rust_decimal"
version = "1.37.1"
source = "registry+https://github.com/rust-lang/crates.io-index"
checksum = "faa7de2ba56ac291bd90c6b9bece784a52ae1411f9506544b3eae36dd2356d50"
dependencies = [
 "arrayvec",
 "num-traits",
]

[[package]]
name = "scopeguard"
version = "1.2.0"
source = "registry+https://github.com/rust-lang/crates.io-index"
checksum = "94143f37725109f92c262ed2cf5e59bce7498c01bcc1502d7b9afe439a4e9f49"

[[package]]
name = "sdmmc"
version = "0.1.0"
dependencies = [
 "aarch64-cpu",
 "arm_pl011",
 "bare-test",
 "bare-test-macros",
 "bitflags",
 "byte-unit",
 "dma-api",
 "fdt-parser",
 "kspin",
 "log",
 "paste",
 "pcie",
 "smccc 0.2.1",
 "spin 0.10.0",
]

[[package]]
name = "smccc"
version = "0.1.1"
source = "registry+https://github.com/rust-lang/crates.io-index"
checksum = "617d17f088ec733e5a6b86da6ce4cce1414e6e856d6061c16dda51cceae6f68c"

[[package]]
name = "smccc"
version = "0.2.1"
source = "registry+https://github.com/rust-lang/crates.io-index"
checksum = "87ed898c59fbfd740492e435cba30a08b74a68d1f1ebb5f1a4b17f6bc7782be8"
dependencies = [
 "thiserror",
]

[[package]]
name = "sparreal-kernel"
version = "0.9.0"
source = "registry+https://github.com/rust-lang/crates.io-index"
checksum = "202c8e1b212fc1f31b9ee5b144688c72de079f79d2d05ab7d36a8f6d2102033e"
dependencies = [
 "ansi_rgb",
 "anyhow",
 "arrayvec",
 "buddy_system_allocator",
 "byte-unit",
 "dma-api",
 "fdt-parser",
 "lazy_static",
 "lock_api",
 "log",
 "memory_addr",
 "page-table-generic",
 "pasts",
 "rdrive",
 "rgb",
 "sparreal-macros 0.9.0",
 "spin 0.9.8",
 "thiserror",
]

[[package]]
name = "sparreal-macros"
version = "0.0.5"
source = "registry+https://github.com/rust-lang/crates.io-index"
checksum = "f686073b67b2427c9243bddc10ea0a6a5300ab5354a8ee884d9126854b0abab7"
dependencies = [
 "proc-macro2",
 "quote",
 "syn",
]

[[package]]
name = "sparreal-macros"
version = "0.9.0"
source = "registry+https://github.com/rust-lang/crates.io-index"
checksum = "da4f16f75e1de73a3a88ac7d7fa61b8f5c567bdb845ce6504f4086baa4902956"
dependencies = [
 "abi-singleton",
 "darling",
 "proc-macro2",
 "quote",
 "rdrive-macro-utils",
 "syn",
]

[[package]]
name = "sparreal-rt"
version = "0.9.1"
source = "registry+https://github.com/rust-lang/crates.io-index"
checksum = "391cd2150c4c0eae024340e4425146b625fea2a2b769098212d1ca299791b411"
dependencies = [
 "aarch64-cpu",
 "ansi_rgb",
 "any-uart",
 "arm-gic-driver",
 "arrayvec",
 "buddy_system_allocator",
 "fdt-parser",
 "log",
 "memory_addr",
 "numeric-enum-macro",
 "page-table-arm",
 "page-table-generic",
 "rgb",
 "smccc 0.1.1",
 "sparreal-kernel",
 "sparreal-macros 0.9.0",
 "spin 0.9.8",
]

[[package]]
name = "spin"
version = "0.9.8"
source = "registry+https://github.com/rust-lang/crates.io-index"
checksum = "6980e8d7511241f8acf4aebddbb1ff938df5eebe98691418c4468d0b72a96a67"
dependencies = [
 "lock_api",
]

[[package]]
name = "spin"
version = "0.10.0"
source = "registry+https://github.com/rust-lang/crates.io-index"
checksum = "d5fe4ccb98d9c292d56fec89a5e07da7fc4cf0dc11e156b41793132775d3e591"
dependencies = [
 "lock_api",
]

[[package]]
name = "strsim"
version = "0.11.1"
source = "registry+https://github.com/rust-lang/crates.io-index"
checksum = "7da8b5736845d9f2fcb837ea5d9e2628564b3b043a70948a3f0b778838c5fb4f"

[[package]]
name = "syn"
version = "2.0.101"
source = "registry+https://github.com/rust-lang/crates.io-index"
checksum = "8ce2b7fc941b3a24138a0a7cf8e858bfc6a992e7978a068a5c760deb0ed43caf"
dependencies = [
 "proc-macro2",
 "quote",
 "unicode-ident",
]

[[package]]
name = "thiserror"
version = "2.0.12"
source = "registry+https://github.com/rust-lang/crates.io-index"
checksum = "567b8a2dae586314f7be2a752ec7474332959c6460e02bde30d702a66d488708"
dependencies = [
 "thiserror-impl",
]

[[package]]
name = "thiserror-impl"
version = "2.0.12"
source = "registry+https://github.com/rust-lang/crates.io-index"
checksum = "7f7cf42b4507d8ea322120659672cf1b9dbb93f8f2d4ecfd6e51350ff5b17a1d"
dependencies = [
 "proc-macro2",
 "quote",
 "syn",
]

[[package]]
name = "tock-registers"
version = "0.8.1"
source = "registry+https://github.com/rust-lang/crates.io-index"
checksum = "696941a0aee7e276a165a978b37918fd5d22c55c3d6bda197813070ca9c0f21c"

[[package]]
name = "tock-registers"
version = "0.9.0"
source = "registry+https://github.com/rust-lang/crates.io-index"
checksum = "2b9e2fdb3a1e862c0661768b7ed25390811df1947a8acbfbefe09b47078d93c4"

[[package]]
name = "unicode-ident"
version = "1.0.18"
source = "registry+https://github.com/rust-lang/crates.io-index"
checksum = "5a5f39404a5da50712a4c1eecf25e90dd62b613502b7e925fd4e4d19b5c96512"

[[package]]
name = "utf8-width"
version = "0.1.7"
source = "registry+https://github.com/rust-lang/crates.io-index"
checksum = "86bd8d4e895da8537e5315b8254664e6b769c4ff3db18321b297a1e7004392e3"
