# This file is automatically @generated by Cargo.
# It is not intended for manual editing.
version = 4

[[package]]
name = "aarch64-cpu"
version = "10.0.0"
source = "registry+https://github.com/rust-lang/crates.io-index"
checksum = "6a21cd0131c25c438e19cd6a774adf7e3f64f7f4d723022882facc2dee0f8bc9"
dependencies = [
 "tock-registers 0.9.0",
]

[[package]]
name = "ansi_rgb"
version = "0.2.0"
source = "registry+https://github.com/rust-lang/crates.io-index"
checksum = "a730095eb14ee842a0f1e68504b85c8d4a19b1ef2ac2a9b4debf0ed982f9b08a"
dependencies = [
 "rgb",
]

[[package]]
name = "arm-gic-driver"
version = "0.3.1"
source = "registry+https://github.com/rust-lang/crates.io-index"
checksum = "ea915a43d058031833f12ccf489e6024f368fe0df994dcd404e8abd234898623"
dependencies = [
 "aarch64-cpu",
 "bitflags",
 "enum_dispatch",
 "log",
 "tock-registers 0.9.0",
]

[[package]]
name = "arm-pl011-rs"
version = "0.2.0"
source = "registry+https://github.com/rust-lang/crates.io-index"
checksum = "876d8b1707dc1e8b07936ef9a8177a59eec7d0c850d54e0eb5fec705e3de05fa"
dependencies = [
 "bitflags",
 "embedded-io",
 "embedded-io-async",
 "spin_on",
 "tock-registers 0.9.0",
]

[[package]]
name = "arm_pl011"
version = "0.1.0"
source = "registry+https://github.com/rust-lang/crates.io-index"
checksum = "efcf6afca4502993a737ba1e00952d1321078689da92bf7aab27d4e5756c0bec"
dependencies = [
 "tock-registers 0.8.1",
]

[[package]]
name = "arm_pl031"
version = "0.2.1"
source = "registry+https://github.com/rust-lang/crates.io-index"
checksum = "13696b1c2b59992f4223e0ae5bb173c81c63039367ca90eee845346ad2a13421"
dependencies = [
 "chrono",
]

[[package]]
name = "arrayvec"
version = "0.7.6"
source = "registry+https://github.com/rust-lang/crates.io-index"
checksum = "7c02d123df017efcdfbd739ef81735b36c5ba83ec3c59c80a9d7ecc718f92e50"

[[package]]
name = "autocfg"
version = "1.4.0"
source = "registry+https://github.com/rust-lang/crates.io-index"
checksum = "ace50bade8e6234aa140d9a2f552bbee1db4d353f69b8217bc503490fc1a9f26"

[[package]]
name = "bare-test"
version = "0.2.0"
source = "registry+https://github.com/rust-lang/crates.io-index"
checksum = "011c330754f4950c3a7b64619c3546ed72f5b2ac7987c857806afb1f20f3f4fe"
dependencies = [
 "bare-test-macros",
 "log",
 "sparreal-macros",
 "sparreal-rt",
]

[[package]]
name = "bare-test-macros"
version = "0.0.1"
source = "registry+https://github.com/rust-lang/crates.io-index"
checksum = "7d6f42aee6d91e826a85847fbf1c87ea711dcceb4feade4ceb44e657ca1e6af1"
dependencies = [
 "proc-macro2",
 "quote",
 "syn",
]

[[package]]
name = "bit_field"
version = "0.10.2"
source = "registry+https://github.com/rust-lang/crates.io-index"
checksum = "dc827186963e592360843fb5ba4b973e145841266c1357f7180c43526f2e5b61"

[[package]]
name = "bitflags"
version = "2.9.0"
source = "registry+https://github.com/rust-lang/crates.io-index"
checksum = "5c8214115b7bf84099f1309324e63141d4c5d7cc26862f97a0a857dbefe165bd"

[[package]]
name = "buddy_system_allocator"
version = "0.11.0"
source = "registry+https://github.com/rust-lang/crates.io-index"
checksum = "a1a0108968a3a2dab95b089c0fc3f1afa7759aa5ebe6f1d86d206d6f7ba726eb"
dependencies = [
 "spin",
]

[[package]]
name = "byte-unit"
version = "5.1.6"
source = "registry+https://github.com/rust-lang/crates.io-index"
checksum = "e1cd29c3c585209b0cbc7309bfe3ed7efd8c84c21b7af29c8bfae908f8777174"
dependencies = [
 "rust_decimal",
 "utf8-width",
]

[[package]]
name = "bytemuck"
version = "1.22.0"
source = "registry+https://github.com/rust-lang/crates.io-index"
checksum = "b6b1fc10dbac614ebc03540c9dbd60e83887fda27794998c6528f1782047d540"

[[package]]
name = "cfg-if"
version = "1.0.0"
source = "registry+https://github.com/rust-lang/crates.io-index"
checksum = "baf1de4339761588bc0619e3cbc0120ee582ebb74b53b4efbf79117bd2da40fd"

[[package]]
name = "chrono"
version = "0.4.40"
source = "registry+https://github.com/rust-lang/crates.io-index"
checksum = "1a7964611d71df112cb1730f2ee67324fcf4d0fc6606acbbe9bfe06df124637c"
dependencies = [
 "num-traits",
]

[[package]]
name = "crate_interface"
version = "0.1.4"
source = "registry+https://github.com/rust-lang/crates.io-index"
checksum = "70272a03a2cef15589bac05d3d15c023752f5f8f2da8be977d983a9d9e6250fb"
dependencies = [
 "proc-macro2",
 "quote",
 "syn",
]

[[package]]
name = "dma-api"
version = "0.2.2"
source = "registry+https://github.com/rust-lang/crates.io-index"
checksum = "624f4a84cc1031cfceb56780b82570a785f6cfdcee4f34c06c4e8f1fba25c970"

[[package]]
name = "driver-interface"
version = "0.0.1"
source = "registry+https://github.com/rust-lang/crates.io-index"
checksum = "0b37973299c0f4dc8f76ee47f36943c1bdfe0e0b87327f86f3ce86007331d8e3"
dependencies = [
 "embedded-io",
 "futures",
]

[[package]]
name = "embedded-hal"
version = "1.0.0"
source = "registry+https://github.com/rust-lang/crates.io-index"
checksum = "361a90feb7004eca4019fb28352a9465666b24f840f5c3cddf0ff13920590b89"

[[package]]
name = "embedded-hal-async"
version = "1.0.0"
source = "registry+https://github.com/rust-lang/crates.io-index"
checksum = "0c4c685bbef7fe13c3c6dd4da26841ed3980ef33e841cddfa15ce8a8fb3f1884"
dependencies = [
 "embedded-hal",
]

[[package]]
name = "embedded-io"
version = "0.6.1"
source = "registry+https://github.com/rust-lang/crates.io-index"
checksum = "edd0f118536f44f5ccd48bcb8b111bdc3de888b58c74639dfb034a357d0f206d"

[[package]]
name = "embedded-io-async"
version = "0.6.1"
source = "registry+https://github.com/rust-lang/crates.io-index"
checksum = "3ff09972d4073aa8c299395be75161d582e7629cd663171d62af73c8d50dba3f"
dependencies = [
 "embedded-io",
]

[[package]]
name = "enum_dispatch"
version = "0.3.13"
source = "registry+https://github.com/rust-lang/crates.io-index"
checksum = "aa18ce2bc66555b3218614519ac839ddb759a7d6720732f979ef8d13be147ecd"
dependencies = [
 "once_cell",
 "proc-macro2",
 "quote",
 "syn",
]

[[package]]
name = "fdt-parser"
version = "0.4.10"
source = "registry+https://github.com/rust-lang/crates.io-index"
checksum = "f6ce5f2349481622d853a132241a102974317337ec643670a830e4194cb71181"

[[package]]
name = "futures"
version = "0.3.31"
source = "registry+https://github.com/rust-lang/crates.io-index"
checksum = "65bc07b1a8bc7c85c5f2e110c476c7389b4554ba72af57d8445ea63a576b0876"
dependencies = [
 "futures-channel",
 "futures-core",
 "futures-io",
 "futures-sink",
 "futures-task",
 "futures-util",
]

[[package]]
name = "futures-channel"
version = "0.3.31"
source = "registry+https://github.com/rust-lang/crates.io-index"
checksum = "2dff15bf788c671c1934e366d07e30c1814a8ef514e1af724a602e8a2fbe1b10"
dependencies = [
 "futures-core",
 "futures-sink",
]

[[package]]
name = "futures-core"
version = "0.3.31"
source = "registry+https://github.com/rust-lang/crates.io-index"
checksum = "05f29059c0c2090612e8d742178b0580d2dc940c837851ad723096f87af6663e"

[[package]]
name = "futures-io"
version = "0.3.31"
source = "registry+https://github.com/rust-lang/crates.io-index"
checksum = "9e5c1b78ca4aae1ac06c48a526a655760685149f0d465d21f37abfe57ce075c6"

[[package]]
name = "futures-sink"
version = "0.3.31"
source = "registry+https://github.com/rust-lang/crates.io-index"
checksum = "e575fab7d1e0dcb8d0c7bcf9a63ee213816ab51902e6d244a95819acacf1d4f7"

[[package]]
name = "futures-task"
version = "0.3.31"
source = "registry+https://github.com/rust-lang/crates.io-index"
checksum = "f90f7dce0722e95104fcb095585910c0977252f286e354b5e3bd38902cd99988"

[[package]]
name = "futures-util"
version = "0.3.31"
source = "registry+https://github.com/rust-lang/crates.io-index"
checksum = "9fa08315bb612088cc391249efdc3bc77536f16c91f6cf495e6fbe85b20a4a81"
dependencies = [
 "futures-core",
 "futures-sink",
 "futures-task",
 "pin-project-lite",
 "pin-utils",
]

[[package]]
name = "kernel_guard"
version = "0.1.2"
source = "registry+https://github.com/rust-lang/crates.io-index"
checksum = "307e6be468f3d6b6d895e191f63c11602e4e76575ecca68325d8c8dbebe2870e"
dependencies = [
 "cfg-if",
 "crate_interface",
]

[[package]]
name = "kspin"
version = "0.1.0"
source = "registry+https://github.com/rust-lang/crates.io-index"
checksum = "51954c939251c5899b6e953aa0ed8903c5c0d1140fc7ce3a8fd60c931d694f6e"
dependencies = [
 "cfg-if",
 "kernel_guard",
]

[[package]]
name = "lock_api"
version = "0.4.12"
source = "registry+https://github.com/rust-lang/crates.io-index"
checksum = "07af8b9cdd281b7915f413fa73f29ebd5d55d0d3f0155584dade1ff18cea1b17"
dependencies = [
 "autocfg",
 "scopeguard",
]

[[package]]
name = "log"
version = "0.4.26"
source = "registry+https://github.com/rust-lang/crates.io-index"
checksum = "30bde2b3dc3671ae49d8e2e9f044c7c005836e7a023ee57cffa25ab82764bb9e"

[[package]]
name = "memory_addr"
version = "0.3.2"
source = "registry+https://github.com/rust-lang/crates.io-index"
checksum = "5438b8df0f13e16e1f46140de247695a95952a5a4479e47197a8711bf1063373"

[[package]]
name = "num-traits"
version = "0.2.19"
source = "registry+https://github.com/rust-lang/crates.io-index"
checksum = "071dfc062690e90b734c0b2273ce72ad0ffa95f0c74596bc250dcfd960262841"
dependencies = [
 "autocfg",
]

[[package]]
name = "once_cell"
version = "1.21.1"
source = "registry+https://github.com/rust-lang/crates.io-index"
checksum = "d75b0bedcc4fe52caa0e03d9f1151a323e4aa5e2d78ba3580400cd3c9e2bc4bc"

[[package]]
name = "page-table-arm"
version = "0.1.0"
source = "registry+https://github.com/rust-lang/crates.io-index"
checksum = "acf197095e2be67e34ecec01c1bc645e8e1c4eb8736ecb9eaf47419fe00cbfcf"
dependencies = [
 "aarch64-cpu",
 "bitflags",
 "log",
]

[[package]]
name = "page-table-generic"
version = "0.2.3"
source = "registry+https://github.com/rust-lang/crates.io-index"
checksum = "c7021c5181b020f777dfd4b0ae239d2f4954323c88c810e657a8f9ab8c475b68"
dependencies = [
 "bitflags",
 "log",
]

[[package]]
name = "pasts"
version = "0.14.3"
source = "registry+https://github.com/rust-lang/crates.io-index"
checksum = "efcd36303871fb977a47dabc9af736c75c492bb32a92fa26262b2741531e97ce"

[[package]]
name = "pci_types"
version = "0.10.0"
source = "registry+https://github.com/rust-lang/crates.io-index"
checksum = "c4325c6aa3cca3373503b1527e75756f9fbfe5fd76be4b4c8a143ee47430b8e0"
dependencies = [
 "bit_field",
 "bitflags",
]

[[package]]
name = "pcie"
version = "0.2.7"
source = "registry+https://github.com/rust-lang/crates.io-index"
checksum = "63e45cda4b8ef9f2a8dae7cf5b58c11b41d35fbe62a4d9693fd2d143225fbf44"
dependencies = [
 "bit_field",
 "bitflags",
 "log",
 "pci_types",
 "sparreal-macros",
]

[[package]]
name = "pin-project-lite"
version = "0.2.16"
source = "registry+https://github.com/rust-lang/crates.io-index"
checksum = "3b3cff922bd51709b605d9ead9aa71031d81447142d828eb4a6eba76fe619f9b"

[[package]]
name = "pin-utils"
version = "0.1.0"
source = "registry+https://github.com/rust-lang/crates.io-index"
checksum = "8b870d8c151b6f2fb93e84a13146138f05d02ed11c7e7c54f8826aaaf7c9f184"

[[package]]
name = "proc-macro2"
version = "1.0.94"
source = "registry+https://github.com/rust-lang/crates.io-index"
checksum = "a31971752e70b8b2686d7e46ec17fb38dad4051d94024c88df49b667caea9c84"
dependencies = [
 "unicode-ident",
]

[[package]]
name = "quote"
version = "1.0.40"
source = "registry+https://github.com/rust-lang/crates.io-index"
checksum = "1885c039570dc00dcb4ff087a89e185fd56bae234ddc7f056a945bf36467248d"
dependencies = [
 "proc-macro2",
]

[[package]]
name = "rgb"
version = "0.8.50"
source = "registry+https://github.com/rust-lang/crates.io-index"
checksum = "57397d16646700483b67d2dd6511d79318f9d057fdbd21a4066aeac8b41d310a"
dependencies = [
 "bytemuck",
]

[[package]]
name = "rust_decimal"
version = "1.37.0"
source = "registry+https://github.com/rust-lang/crates.io-index"
checksum = "5c24af6e7ac43c88a8a458d1139d0246fdce2f6cd2f1ac6cb51eb88b29c978af"
dependencies = [
 "arrayvec",
 "num-traits",
]

[[package]]
name = "scopeguard"
version = "1.2.0"
source = "registry+https://github.com/rust-lang/crates.io-index"
checksum = "94143f37725109f92c262ed2cf5e59bce7498c01bcc1502d7b9afe439a4e9f49"

[[package]]
name = "sdmmc"
version = "0.1.0"
dependencies = [
 "aarch64-cpu",
 "arm_pl011",
 "bare-test",
 "bitflags",
 "byte-unit",
 "fdt-parser",
 "kspin",
 "log",
 "pcie",
 "smccc",
 "sparreal-macros",
]

[[package]]
name = "smccc"
version = "0.2.0"
source = "registry+https://github.com/rust-lang/crates.io-index"
checksum = "4d28c99a9913f0686f470a6ff020e160195eb1a86f9c1800aab2b3abba4bc9b3"
dependencies = [
 "thiserror",
]

[[package]]
name = "sparreal-kernel"
version = "0.1.7"
source = "registry+https://github.com/rust-lang/crates.io-index"
checksum = "376249997277daa5ff29b479eede96fde63d5fa2efac3aedd0247bddd30257b9"
dependencies = [
 "ansi_rgb",
 "buddy_system_allocator",
 "driver-interface",
 "embedded-hal-async",
 "fdt-parser",
 "lock_api",
 "log",
 "memory_addr",
 "page-table-generic",
 "pasts",
 "rgb",
 "sparreal-macros",
 "spin_on",
]

[[package]]
name = "sparreal-macros"
version = "0.0.5"
source = "registry+https://github.com/rust-lang/crates.io-index"
checksum = "f686073b67b2427c9243bddc10ea0a6a5300ab5354a8ee884d9126854b0abab7"
dependencies = [
 "proc-macro2",
 "quote",
 "syn",
]

[[package]]
name = "sparreal-rt"
version = "0.2.0"
source = "registry+https://github.com/rust-lang/crates.io-index"
checksum = "baa569f36876d099a187be245be2fe496c62e390c689c7fa854f5824ad56e4e6"
dependencies = [
 "aarch64-cpu",
 "arm-gic-driver",
 "arm-pl011-rs",
 "arm_pl031",
 "bitflags",
 "dma-api",
 "driver-interface",
 "embedded-io",
 "fdt-parser",
 "futures",
 "log",
 "memory_addr",
 "page-table-arm",
 "page-table-generic",
 "sparreal-kernel",
 "sparreal-macros",
 "tock-registers 0.9.0",
]

[[package]]
name = "spin"
version = "0.9.8"
source = "registry+https://github.com/rust-lang/crates.io-index"
checksum = "6980e8d7511241f8acf4aebddbb1ff938df5eebe98691418c4468d0b72a96a67"
dependencies = [
 "lock_api",
]

[[package]]
name = "spin_on"
version = "0.1.1"
source = "registry+https://github.com/rust-lang/crates.io-index"
checksum = "076e103ed41b9864aa838287efe5f4e3a7a0362dd00671ae62a212e5e4612da2"
dependencies = [
 "pin-utils",
]

[[package]]
name = "syn"
version = "2.0.100"
source = "registry+https://github.com/rust-lang/crates.io-index"
checksum = "b09a44accad81e1ba1cd74a32461ba89dee89095ba17b32f5d03683b1b1fc2a0"
dependencies = [
 "proc-macro2",
 "quote",
 "unicode-ident",
]

[[package]]
name = "thiserror"
version = "2.0.12"
source = "registry+https://github.com/rust-lang/crates.io-index"
checksum = "567b8a2dae586314f7be2a752ec7474332959c6460e02bde30d702a66d488708"
dependencies = [
 "thiserror-impl",
]

[[package]]
name = "thiserror-impl"
version = "2.0.12"
source = "registry+https://github.com/rust-lang/crates.io-index"
checksum = "7f7cf42b4507d8ea322120659672cf1b9dbb93f8f2d4ecfd6e51350ff5b17a1d"
dependencies = [
 "proc-macro2",
 "quote",
 "syn",
]

[[package]]
name = "tock-registers"
version = "0.8.1"
source = "registry+https://github.com/rust-lang/crates.io-index"
checksum = "696941a0aee7e276a165a978b37918fd5d22c55c3d6bda197813070ca9c0f21c"

[[package]]
name = "tock-registers"
version = "0.9.0"
source = "registry+https://github.com/rust-lang/crates.io-index"
checksum = "2b9e2fdb3a1e862c0661768b7ed25390811df1947a8acbfbefe09b47078d93c4"

[[package]]
name = "unicode-ident"
version = "1.0.18"
source = "registry+https://github.com/rust-lang/crates.io-index"
checksum = "5a5f39404a5da50712a4c1eecf25e90dd62b613502b7e925fd4e4d19b5c96512"

[[package]]
name = "utf8-width"
version = "0.1.7"
source = "registry+https://github.com/rust-lang/crates.io-index"
checksum = "86bd8d4e895da8537e5315b8254664e6b769c4ff3db18321b297a1e7004392e3"
